
Microsoft Visual Studio Solution File, Format Version 12.00
# Visual Studio 15
VisualStudioVersion = 15.0.27130.2010
MinimumVisualStudioVersion = 10.0.40219.1
Project("{FAE04EC0-301F-11D3-BF4B-00C04F79EFBC}") = "foodPowder", "foodPowder\foodPowder.csproj", "{E778D7E2-FEE4-43E4-AD2C-E0BCDE065273}"
EndProject
Project("{FAE04EC0-301F-11D3-BF4B-00C04F79EFBC}") = "foodPowder.Tests", "foodPowder.Tests\foodPowder.Tests.csproj", "{DFD48EBD-F89F-4E1B-ADEC-F37C96D08A3A}"
EndProject
Global
	GlobalSection(SolutionConfigurationPlatforms) = preSolution
		Debug|Any CPU = Debug|Any CPU
		Release|Any CPU = Release|Any CPU
	EndGlobalSection
	GlobalSection(ProjectConfigurationPlatforms) = postSolution
		{E778D7E2-FEE4-43E4-AD2C-E0BCDE065273}.Debug|Any CPU.ActiveCfg = Debug|Any CPU
		{E778D7E2-FEE4-43E4-AD2C-E0BCDE065273}.Debug|Any CPU.Build.0 = Debug|Any CPU
		{E778D7E2-FEE4-43E4-AD2C-E0BCDE065273}.Release|Any CPU.ActiveCfg = Release|Any CPU
		{E778D7E2-FEE4-43E4-AD2C-E0BCDE065273}.Release|Any CPU.Build.0 = Release|Any CPU
		{DFD48EBD-F89F-4E1B-ADEC-F37C96D08A3A}.Debug|Any CPU.ActiveCfg = Debug|Any CPU
		{DFD48EBD-F89F-4E1B-ADEC-F37C96D08A3A}.Debug|Any CPU.Build.0 = Debug|Any CPU
		{DFD48EBD-F89F-4E1B-ADEC-F37C96D08A3A}.Release|Any CPU.ActiveCfg = Release|Any CPU
		{DFD48EBD-F89F-4E1B-ADEC-F37C96D08A3A}.Release|Any CPU.Build.0 = Release|Any CPU
	EndGlobalSection
	GlobalSection(SolutionProperties) = preSolution
		HideSolutionNode = FALSE
	EndGlobalSection
	GlobalSection(ExtensibilityGlobals) = postSolution
		SolutionGuid = {5658FF31-34A9-4D07-94B3-42DB29822952}
	EndGlobalSection
EndGlobal
